
Microsoft Visual Studio Solution File, Format Version 12.00
# Visual Studio 15
VisualStudioVersion = 15.0.27130.2003
MinimumVisualStudioVersion = 10.0.40219.1
Project("{FAE04EC0-301F-11D3-BF4B-00C04F79EFBC}") = "RememberMe_testSel", "RememberMe_testSel.csproj", "{79CFE6D6-E9AA-4A64-9FB6-5E73B275FB51}"
EndProject
Global
	GlobalSection(SolutionConfigurationPlatforms) = preSolution
		Debug|Any CPU = Debug|Any CPU
		Release|Any CPU = Release|Any CPU
	EndGlobalSection
	GlobalSection(ProjectConfigurationPlatforms) = postSolution
		{79CFE6D6-E9AA-4A64-9FB6-5E73B275FB51}.Debug|Any CPU.ActiveCfg = Debug|Any CPU
		{79CFE6D6-E9AA-4A64-9FB6-5E73B275FB51}.Debug|Any CPU.Build.0 = Debug|Any CPU
		{79CFE6D6-E9AA-4A64-9FB6-5E73B275FB51}.Release|Any CPU.ActiveCfg = Release|Any CPU
		{79CFE6D6-E9AA-4A64-9FB6-5E73B275FB51}.Release|Any CPU.Build.0 = Release|Any CPU
	EndGlobalSection
	GlobalSection(SolutionProperties) = preSolution
		HideSolutionNode = FALSE
	EndGlobalSection
	GlobalSection(ExtensibilityGlobals) = postSolution
		SolutionGuid = {CDCC7094-D2B0-43F9-8CBB-C3DB89A12AD8}
	EndGlobalSection
EndGlobal
